
Microsoft Visual Studio Solution File, Format Version 12.00
# Visual Studio Version 17
VisualStudioVersion = 17.0.32112.339
MinimumVisualStudioVersion = 10.0.40219.1
Project("{9A19103F-16F7-4668-BE54-9A1E7A4F7556}") = "EasySave", "EasySave.csproj", "{F611EBF3-BFA8-462A-811D-ADC7D6CFF3AC}"
EndProject
Project("{FAE04EC0-301F-11D3-BF4B-00C04F79EFBC}") = "EasySaveTest", "EasySaveTest\EasySaveTest.csproj", "{6E23C0F1-61FB-48A6-AE1E-5058BCC6E8D1}"
EndProject
Global
	GlobalSection(SolutionConfigurationPlatforms) = preSolution
		Debug|Any CPU = Debug|Any CPU
		Release|Any CPU = Release|Any CPU
	EndGlobalSection
	GlobalSection(ProjectConfigurationPlatforms) = postSolution
		{F611EBF3-BFA8-462A-811D-ADC7D6CFF3AC}.Debug|Any CPU.ActiveCfg = Debug|Any CPU
		{F611EBF3-BFA8-462A-811D-ADC7D6CFF3AC}.Debug|Any CPU.Build.0 = Debug|Any CPU
		{F611EBF3-BFA8-462A-811D-ADC7D6CFF3AC}.Release|Any CPU.ActiveCfg = Release|Any CPU
		{F611EBF3-BFA8-462A-811D-ADC7D6CFF3AC}.Release|Any CPU.Build.0 = Release|Any CPU
		{6E23C0F1-61FB-48A6-AE1E-5058BCC6E8D1}.Debug|Any CPU.ActiveCfg = Debug|Any CPU
		{6E23C0F1-61FB-48A6-AE1E-5058BCC6E8D1}.Debug|Any CPU.Build.0 = Debug|Any CPU
		{6E23C0F1-61FB-48A6-AE1E-5058BCC6E8D1}.Release|Any CPU.ActiveCfg = Release|Any CPU
		{6E23C0F1-61FB-48A6-AE1E-5058BCC6E8D1}.Release|Any CPU.Build.0 = Release|Any CPU
	EndGlobalSection
	GlobalSection(SolutionProperties) = preSolution
		HideSolutionNode = FALSE
	EndGlobalSection
	GlobalSection(ExtensibilityGlobals) = postSolution
		SolutionGuid = {335C587D-146F-4872-8799-1FC70DECC819}
	EndGlobalSection
EndGlobal
